schema: '2.0'
stages:
  prepare:
    cmd: python3 src/prepare.py
    deps:
    - path: src/prepare.py
      hash: md5
      md5: bfc954c07c5febf666822562b32c98bf
      size: 3417
    outs:
    - path: data/raw
      hash: md5
      md5: 3ab70657c819f03d532454f827afdcf7.dir
      size: 848866410
      nfiles: 24998
  train:
    cmd: python3 src/train.py
    deps:
    - path: data/raw
      hash: md5
      md5: 3ab70657c819f03d532454f827afdcf7.dir
      size: 848866410
      nfiles: 24998
    - path: src/data_preprocessing.py
      hash: md5
      md5: 57218bbb1376ffa3f315127fcae11396
      size: 4833
    - path: src/model.py
      hash: md5
      md5: 27151548201f724139ba032ffd9b7c69
      size: 9172
    - path: src/train.py
      hash: md5
      md5: fe817963d5b280d3e1c2d9d1d85f65c2
      size: 6915
    outs:
    - path: models/cats_dogs_model.npz
      hash: md5
      md5: 2a1f404ab3e11611c438c56f9816a10a
      size: 308615616
    - path: models/confusion_matrix.png
      hash: md5
      md5: 2f14fdeb828d1bd03e65c38f4f0f8672
      size: 18111
    - path: models/metrics.json
      hash: md5
      md5: 746f59b54292ef49b59a67dabc642194
      size: 65
    - path: models/training_curves.png
      hash: md5
      md5: 972f47f53d9213a5528e7036c65f3f0a
      size: 36673
