schema: '2.0'
stages:
  prepare:
    cmd: python3 src/prepare.py
    deps:
    - path: src/prepare.py
      hash: md5
      md5: bfc954c07c5febf666822562b32c98bf
      size: 3417
    outs:
    - path: data/raw
      hash: md5
      md5: 3ab70657c819f03d532454f827afdcf7.dir
      size: 848866410
      nfiles: 24998
  train:
    cmd: python3 src/train.py
    deps:
    - path: data/raw
      hash: md5
      md5: 3ab70657c819f03d532454f827afdcf7.dir
      size: 848866410
      nfiles: 24998
    - path: src/data_preprocessing.py
      hash: md5
      md5: f053793fefae7e1a9aa80e0bda4ad0ed
      size: 4748
    - path: src/model.py
      hash: md5
      md5: d401ce677993d70ae3d27c7378d3e673
      size: 5894
    - path: src/train.py
      hash: md5
      md5: e4091f267418e0c7acde08b798c261f3
      size: 6314
    outs:
    - path: models/cats_dogs_model.npz
      hash: md5
      md5: 808a93a6e11b016e48de6887e4a083b8
      size: 154210272
    - path: models/confusion_matrix.png
      hash: md5
      md5: 2b62f4c819abc943452bc0370f43e7fa
      size: 17397
    - path: models/metrics.json
      hash: md5
      md5: 1b8e5e4dd77e72fdb58f33429d284b21
      size: 60
    - path: models/training_curves.png
      hash: md5
      md5: 481004656a3ddc07faf61e3137c6f7c7
      size: 38346
